
Microsoft Visual Studio Solution File, Format Version 12.00
# Visual Studio Version 17
VisualStudioVersion = 17.9.34622.214
MinimumVisualStudioVersion = 10.0.40219.1
Project("{FAE04EC0-301F-11D3-BF4B-00C04F79EFBC}") = "CSTask", "CSTask.csproj", "{A9AC294E-DF6F-4932-984E-F4362D24F469}"
EndProject
Global
	GlobalSection(SolutionConfigurationPlatforms) = preSolution
		Debug|Any CPU = Debug|Any CPU
		Release|Any CPU = Release|Any CPU
	EndGlobalSection
	GlobalSection(ProjectConfigurationPlatforms) = postSolution
		{A9AC294E-DF6F-4932-984E-F4362D24F469}.Debug|Any CPU.ActiveCfg = Debug|Any CPU
		{A9AC294E-DF6F-4932-984E-F4362D24F469}.Debug|Any CPU.Build.0 = Debug|Any CPU
		{A9AC294E-DF6F-4932-984E-F4362D24F469}.Release|Any CPU.ActiveCfg = Release|Any CPU
		{A9AC294E-DF6F-4932-984E-F4362D24F469}.Release|Any CPU.Build.0 = Release|Any CPU
	EndGlobalSection
	GlobalSection(SolutionProperties) = preSolution
		HideSolutionNode = FALSE
	EndGlobalSection
	GlobalSection(ExtensibilityGlobals) = postSolution
		SolutionGuid = {4393D8C8-678A-44D6-8216-66ADCB6AED08}
	EndGlobalSection
EndGlobal
